// !$*UTF8*$!
{
	archiveVersion = 1;
	classes = {
	};
	objectVersion = 46;
	objects = {

/* Begin PBXBuildFile section */
		431DDE811CA425BA0090DD0C /* AppDelegate.swift in Sources */ = {isa = PBXBuildFile; fileRef = 431DDE801CA425BA0090DD0C /* AppDelegate.swift */; };
		431DDE831CA425BA0090DD0C /* ViewController.swift in Sources */ = {isa = PBXBuildFile; fileRef = 431DDE821CA425BA0090DD0C /* ViewController.swift */; };
		431DDE861CA425BA0090DD0C /* Main.storyboard in Resources */ = {isa = PBXBuildFile; fileRef = 431DDE841CA425BA0090DD0C /* Main.storyboard */; };
		431DDE881CA425BA0090DD0C /* Assets.xcassets in Resources */ = {isa = PBXBuildFile; fileRef = 431DDE871CA425BA0090DD0C /* Assets.xcassets */; };
		431DDE8B1CA425BA0090DD0C /* LaunchScreen.storyboard in Resources */ = {isa = PBXBuildFile; fileRef = 431DDE891CA425BA0090DD0C /* LaunchScreen.storyboard */; };
		431DDE961CA425BA0090DD0C /* SmartPack2Tests.swift in Sources */ = {isa = PBXBuildFile; fileRef = 431DDE951CA425BA0090DD0C /* SmartPack2Tests.swift */; };
		431DDEA11CA425BA0090DD0C /* SmartPack2UITests.swift in Sources */ = {isa = PBXBuildFile; fileRef = 431DDEA01CA425BA0090DD0C /* SmartPack2UITests.swift */; };
		431DDEB11CA4B79A0090DD0C /* smartpackTableViewCell.swift in Sources */ = {isa = PBXBuildFile; fileRef = 431DDEB01CA4B79A0090DD0C /* smartpackTableViewCell.swift */; };
		43EA7FAF1CAC3ECF0055611C /* tagView.swift in Sources */ = {isa = PBXBuildFile; fileRef = 43EA7FAE1CAC3ECF0055611C /* tagView.swift */; };
/* End PBXBuildFile section */

/* Begin PBXContainerItemProxy section */
		431DDE921CA425BA0090DD0C /* PBXContainerItemProxy */ = {
			isa = PBXContainerItemProxy;
			containerPortal = 431DDE751CA425B90090DD0C /* Project object */;
			proxyType = 1;
			remoteGlobalIDString = 431DDE7C1CA425B90090DD0C;
			remoteInfo = SmartPack2;
		};
		431DDE9D1CA425BA0090DD0C /* PBXContainerItemProxy */ = {
			isa = PBXContainerItemProxy;
			containerPortal = 431DDE751CA425B90090DD0C /* Project object */;
			proxyType = 1;
			remoteGlobalIDString = 431DDE7C1CA425B90090DD0C;
			remoteInfo = SmartPack2;
		};
/* End PBXContainerItemProxy section */

/* Begin PBXFileReference section */
		431DDE7D1CA425B90090DD0C /* SmartPack2.app */ = {isa = PBXFileReference; explicitFileType = wrapper.application; includeInIndex = 0; path = SmartPack2.app; sourceTree = BUILT_PRODUCTS_DIR; };
		431DDE801CA425BA0090DD0C /* AppDelegate.swift */ = {isa = PBXFileReference; lastKnownFileType = sourcecode.swift; path = AppDelegate.swift; sourceTree = "<group>"; };
		431DDE821CA425BA0090DD0C /* ViewController.swift */ = {isa = PBXFileReference; lastKnownFileType = sourcecode.swift; path = ViewController.swift; sourceTree = "<group>"; };
		431DDE851CA425BA0090DD0C /* Base */ = {isa = PBXFileReference; lastKnownFileType = file.storyboard; name = Base; path = Base.lproj/Main.storyboard; sourceTree = "<group>"; };
		431DDE871CA425BA0090DD0C /* Assets.xcassets */ = {isa = PBXFileReference; lastKnownFileType = folder.assetcatalog; path = Assets.xcassets; sourceTree = "<group>"; };
		431DDE8A1CA425BA0090DD0C /* Base */ = {isa = PBXFileReference; lastKnownFileType = file.storyboard; name = Base; path = Base.lproj/LaunchScreen.storyboard; sourceTree = "<group>"; };
		431DDE8C1CA425BA0090DD0C /* Info.plist */ = {isa = PBXFileReference; lastKnownFileType = text.plist.xml; path = Info.plist; sourceTree = "<group>"; };
		431DDE911CA425BA0090DD0C /* SmartPack2Tests.xctest */ = {isa = PBXFileReference; explicitFileType = wrapper.cfbundle; includeInIndex = 0; path = SmartPack2Tests.xctest; sourceTree = BUILT_PRODUCTS_DIR; };
		431DDE951CA425BA0090DD0C /* SmartPack2Tests.swift */ = {isa = PBXFileReference; lastKnownFileType = sourcecode.swift; path = SmartPack2Tests.swift; sourceTree = "<group>"; };
		431DDE971CA425BA0090DD0C /* Info.plist */ = {isa = PBXFileReference; lastKnownFileType = text.plist.xml; path = Info.plist; sourceTree = "<group>"; };
		431DDE9C1CA425BA0090DD0C /* SmartPack2UITests.xctest */ = {isa = PBXFileReference; explicitFileType = wrapper.cfbundle; includeInIndex = 0; path = SmartPack2UITests.xctest; sourceTree = BUILT_PRODUCTS_DIR; };
		431DDEA01CA425BA0090DD0C /* SmartPack2UITests.swift */ = {isa = PBXFileReference; lastKnownFileType = sourcecode.swift; path = SmartPack2UITests.swift; sourceTree = "<group>"; };
		431DDEA21CA425BA0090DD0C /* Info.plist */ = {isa = PBXFileReference; lastKnownFileType = text.plist.xml; path = Info.plist; sourceTree = "<group>"; };
		431DDEB01CA4B79A0090DD0C /* smartpackTableViewCell.swift */ = {isa = PBXFileReference; fileEncoding = 4; lastKnownFileType = sourcecode.swift; path = smartpackTableViewCell.swift; sourceTree = "<group>"; };
		43EA7FAE1CAC3ECF0055611C /* tagView.swift */ = {isa = PBXFileReference; fileEncoding = 4; lastKnownFileType = sourcecode.swift; path = tagView.swift; sourceTree = "<group>"; };
/* End PBXFileReference section */

/* Begin PBXFrameworksBuildPhase section */
		431DDE7A1CA425B90090DD0C /* Frameworks */ = {
			isa = PBXFrameworksBuildPhase;
			buildActionMask = 2147483647;
			files = (
			);
			runOnlyForDeploymentPostprocessing = 0;
		};
		431DDE8E1CA425BA0090DD0C /* Frameworks */ = {
			isa = PBXFrameworksBuildPhase;
			buildActionMask = 2147483647;
			files = (
			);
			runOnlyForDeploymentPostprocessing = 0;
		};
		431DDE991CA425BA0090DD0C /* Frameworks */ = {
			isa = PBXFrameworksBuildPhase;
			buildActionMask = 2147483647;
			files = (
			);
			runOnlyForDeploymentPostprocessing = 0;
		};
/* End PBXFrameworksBuildPhase section */

/* Begin PBXGroup section */
		431DDE741CA425B90090DD0C = {
			isa = PBXGroup;
			children = (
				431DDE7F1CA425B90090DD0C /* SmartPack2 */,
				431DDE941CA425BA0090DD0C /* SmartPack2Tests */,
				431DDE9F1CA425BA0090DD0C /* SmartPack2UITests */,
				431DDE7E1CA425B90090DD0C /* Products */,
			);
			sourceTree = "<group>";
		};
		431DDE7E1CA425B90090DD0C /* Products */ = {
			isa = PBXGroup;
			children = (
				431DDE7D1CA425B90090DD0C /* SmartPack2.app */,
				431DDE911CA425BA0090DD0C /* SmartPack2Tests.xctest */,
				431DDE9C1CA425BA0090DD0C /* SmartPack2UITests.xctest */,
			);
			name = Products;
			sourceTree = "<group>";
		};
		431DDE7F1CA425B90090DD0C /* SmartPack2 */ = {
			isa = PBXGroup;
			children = (
				431DDE801CA425BA0090DD0C /* AppDelegate.swift */,
				431DDE821CA425BA0090DD0C /* ViewController.swift */,
				431DDE841CA425BA0090DD0C /* Main.storyboard */,
				431DDE871CA425BA0090DD0C /* Assets.xcassets */,
				431DDE891CA425BA0090DD0C /* LaunchScreen.storyboard */,
				431DDE8C1CA425BA0090DD0C /* Info.plist */,
				431DDEB01CA4B79A0090DD0C /* smartpackTableViewCell.swift */,
				43EA7FAE1CAC3ECF0055611C /* tagView.swift */,
			);
			path = SmartPack2;
			sourceTree = "<group>";
		};
		431DDE941CA425BA0090DD0C /* SmartPack2Tests */ = {
			isa = PBXGroup;
			children = (
				431DDE951CA425BA0090DD0C /* SmartPack2Tests.swift */,
				431DDE971CA425BA0090DD0C /* Info.plist */,
			);
			path = SmartPack2Tests;
			sourceTree = "<group>";
		};
		431DDE9F1CA425BA0090DD0C /* SmartPack2UITests */ = {
			isa = PBXGroup;
			children = (
				431DDEA01CA425BA0090DD0C /* SmartPack2UITests.swift */,
				431DDEA21CA425BA0090DD0C /* Info.plist */,
			);
			path = SmartPack2UITests;
			sourceTree = "<group>";
		};
/* End PBXGroup section */

/* Begin PBXNativeTarget section */
		431DDE7C1CA425B90090DD0C /* SmartPack2 */ = {
			isa = PBXNativeTarget;
			buildConfigurationList = 431DDEA51CA425BA0090DD0C /* Build configuration list for PBXNativeTarget "SmartPack2" */;
			buildPhases = (
				431DDE791CA425B90090DD0C /* Sources */,
				431DDE7A1CA425B90090DD0C /* Frameworks */,
				431DDE7B1CA425B90090DD0C /* Resources */,
			);
			buildRules = (
			);
			dependencies = (
			);
			name = SmartPack2;
			productName = SmartPack2;
			productReference = 431DDE7D1CA425B90090DD0C /* SmartPack2.app */;
			productType = "com.apple.product-type.application";
		};
		431DDE901CA425BA0090DD0C /* SmartPack2Tests */ = {
			isa = PBXNativeTarget;
			buildConfigurationList = 431DDEA81CA425BA0090DD0C /* Build configuration list for PBXNativeTarget "SmartPack2Tests" */;
			buildPhases = (
				431DDE8D1CA425BA0090DD0C /* Sources */,
				431DDE8E1CA425BA0090DD0C /* Frameworks */,
				431DDE8F1CA425BA0090DD0C /* Resources */,
			);
			buildRules = (
			);
			dependencies = (
				431DDE931CA425BA0090DD0C /* PBXTargetDependency */,
			);
			name = SmartPack2Tests;
			productName = SmartPack2Tests;
			productReference = 431DDE911CA425BA0090DD0C /* SmartPack2Tests.xctest */;
			productType = "com.apple.product-type.bundle.unit-test";
		};
		431DDE9B1CA425BA0090DD0C /* SmartPack2UITests */ = {
			isa = PBXNativeTarget;
			buildConfigurationList = 431DDEAB1CA425BA0090DD0C /* Build configuration list for PBXNativeTarget "SmartPack2UITests" */;
			buildPhases = (
				431DDE981CA425BA0090DD0C /* Sources */,
				431DDE991CA425BA0090DD0C /* Frameworks */,
				431DDE9A1CA425BA0090DD0C /* Resources */,
			);
			buildRules = (
			);
			dependencies = (
				431DDE9E1CA425BA0090DD0C /* PBXTargetDependency */,
			);
			name = SmartPack2UITests;
			productName = SmartPack2UITests;
			productReference = 431DDE9C1CA425BA0090DD0C /* SmartPack2UITests.xctest */;
			productType = "com.apple.product-type.bundle.ui-testing";
		};
/* End PBXNativeTarget section */

/* Begin PBXProject section */
		431DDE751CA425B90090DD0C /* Project object */ = {
			isa = PBXProject;
			attributes = {
				LastSwiftUpdateCheck = 0720;
				LastUpgradeCheck = 0720;
				ORGANIZATIONNAME = ECE477Team1;
				TargetAttributes = {
					431DDE7C1CA425B90090DD0C = {
						CreatedOnToolsVersion = 7.2.1;
						DevelopmentTeam = J53C48AAGF;
					};
					431DDE901CA425BA0090DD0C = {
						CreatedOnToolsVersion = 7.2.1;
						DevelopmentTeam = J53C48AAGF;
						TestTargetID = 431DDE7C1CA425B90090DD0C;
					};
					431DDE9B1CA425BA0090DD0C = {
						CreatedOnToolsVersion = 7.2.1;
						DevelopmentTeam = J53C48AAGF;
						TestTargetID = 431DDE7C1CA425B90090DD0C;
					};
				};
			};
			buildConfigurationList = 431DDE781CA425B90090DD0C /* Build configuration list for PBXProject "SmartPack2" */;
			compatibilityVersion = "Xcode 3.2";
			developmentRegion = English;
			hasScannedForEncodings = 0;
			knownRegions = (
				en,
				Base,
			);
			mainGroup = 431DDE741CA425B90090DD0C;
			productRefGroup = 431DDE7E1CA425B90090DD0C /* Products */;
			projectDirPath = "";
			projectRoot = "";
			targets = (
				431DDE7C1CA425B90090DD0C /* SmartPack2 */,
				431DDE901CA425BA0090DD0C /* SmartPack2Tests */,
				431DDE9B1CA425BA0090DD0C /* SmartPack2UITests */,
			);
		};
/* End PBXProject section */

/* Begin PBXResourcesBuildPhase section */
		431DDE7B1CA425B90090DD0C /* Resources */ = {
			isa = PBXResourcesBuildPhase;
			buildActionMask = 2147483647;
			files = (
				431DDE8B1CA425BA0090DD0C /* LaunchScreen.storyboard in Resources */,
				431DDE881CA425BA0090DD0C /* Assets.xcassets in Resources */,
				431DDE861CA425BA0090DD0C /* Main.storyboard in Resources */,
			);
			runOnlyForDeploymentPostprocessing = 0;
		};
		431DDE8F1CA425BA0090DD0C /* Resources */ = {
			isa = PBXResourcesBuildPhase;
			buildActionMask = 2147483647;
			files = (
			);
			runOnlyForDeploymentPostprocessing = 0;
		};
		431DDE9A1CA425BA0090DD0C /* Resources */ = {
			isa = PBXResourcesBuildPhase;
			buildActionMask = 2147483647;
			files = (
			);
			runOnlyForDeploymentPostprocessing = 0;
		};
/* End PBXResourcesBuildPhase section */

/* Begin PBXSourcesBuildPhase section */
		431DDE791CA425B90090DD0C /* Sources */ = {
			isa = PBXSourcesBuildPhase;
			buildActionMask = 2147483647;
			files = (
				431DDEB11CA4B79A0090DD0C /* smartpackTableViewCell.swift in Sources */,
				431DDE831CA425BA0090DD0C /* ViewController.swift in Sources */,
				431DDE811CA425BA0090DD0C /* AppDelegate.swift in Sources */,
				43EA7FAF1CAC3ECF0055611C /* tagView.swift in Sources */,
			);
			runOnlyForDeploymentPostprocessing = 0;
		};
		431DDE8D1CA425BA0090DD0C /* Sources */ = {
			isa = PBXSourcesBuildPhase;
			buildActionMask = 2147483647;
			files = (
				431DDE961CA425BA0090DD0C /* SmartPack2Tests.swift in Sources */,
			);
			runOnlyForDeploymentPostprocessing = 0;
		};
		431DDE981CA425BA0090DD0C /* Sources */ = {
			isa = PBXSourcesBuildPhase;
			buildActionMask = 2147483647;
			files = (
				431DDEA11CA425BA0090DD0C /* SmartPack2UITests.swift in Sources */,
			);
			runOnlyForDeploymentPostprocessing = 0;
		};
/* End PBXSourcesBuildPhase section */

/* Begin PBXTargetDependency section */
		431DDE931CA425BA0090DD0C /* PBXTargetDependency */ = {
			isa = PBXTargetDependency;
			target = 431DDE7C1CA425B90090DD0C /* SmartPack2 */;
			targetProxy = 431DDE921CA425BA0090DD0C /* PBXContainerItemProxy */;
		};
		431DDE9E1CA425BA0090DD0C /* PBXTargetDependency */ = {
			isa = PBXTargetDependency;
			target = 431DDE7C1CA425B90090DD0C /* SmartPack2 */;
			targetProxy = 431DDE9D1CA425BA0090DD0C /* PBXContainerItemProxy */;
		};
/* End PBXTargetDependency section */

/* Begin PBXVariantGroup section */
		431DDE841CA425BA0090DD0C /* Main.storyboard */ = {
			isa = PBXVariantGroup;
			children = (
				431DDE851CA425BA0090DD0C /* Base */,
			);
			name = Main.storyboard;
			sourceTree = "<group>";
		};
		431DDE891CA425BA0090DD0C /* LaunchScreen.storyboard */ = {
			isa = PBXVariantGroup;
			children = (
				431DDE8A1CA425BA0090DD0C /* Base */,
			);
			name = LaunchScreen.storyboard;
			sourceTree = "<group>";
		};
/* End PBXVariantGroup section */

/* Begin XCBuildConfiguration section */
		431DDEA31CA425BA0090DD0C /* Debug */ = {
			isa = XCBuildConfiguration;
			buildSettings = {
				ALWAYS_SEARCH_USER_PATHS = NO;
				CLANG_CXX_LANGUAGE_STANDARD = "gnu++0x";
				CLANG_CXX_LIBRARY = "libc++";
				CLANG_ENABLE_MODULES = YES;
				CLANG_ENABLE_OBJC_ARC = YES;
				CLANG_WARN_BOOL_CONVERSION = YES;
				CLANG_WARN_CONSTANT_CONVERSION = YES;
				CLANG_WARN_DIRECT_OBJC_ISA_USAGE = YES_ERROR;
				CLANG_WARN_EMPTY_BODY = YES;
				CLANG_WARN_ENUM_CONVERSION = YES;
				CLANG_WARN_INT_CONVERSION = YES;
				CLANG_WARN_OBJC_ROOT_CLASS = YES_ERROR;
				CLANG_WARN_UNREACHABLE_CODE = YES;
				CLANG_WARN__DUPLICATE_METHOD_MATCH = YES;
				"CODE_SIGN_IDENTITY[sdk=iphoneos*]" = "iPhone Developer";
				COPY_PHASE_STRIP = NO;
				DEBUG_INFORMATION_FORMAT = dwarf;
				ENABLE_STRICT_OBJC_MSGSEND = YES;
				ENABLE_TESTABILITY = YES;
				GCC_C_LANGUAGE_STANDARD = gnu99;
				GCC_DYNAMIC_NO_PIC = NO;
				GCC_NO_COMMON_BLOCKS = YES;
				GCC_OPTIMIZATION_LEVEL = 0;
				GCC_PREPROCESSOR_DEFINITIONS = (
					"DEBUG=1",
					"$(inherited)",
				);
				GCC_WARN_64_TO_32_BIT_CONVERSION = YES;
				GCC_WARN_ABOUT_RETURN_TYPE = YES_ERROR;
				GCC_WARN_UNDECLARED_SELECTOR = YES;
				GCC_WARN_UNINITIALIZED_AUTOS = YES_AGGRESSIVE;
				GCC_WARN_UNUSED_FUNCTION = YES;
				GCC_WARN_UNUSED_VARIABLE = YES;
				IPHONEOS_DEPLOYMENT_TARGET = 9.2;
				MTL_ENABLE_DEBUG_INFO = YES;
				ONLY_ACTIVE_ARCH = YES;
				SDKROOT = iphoneos;
				SWIFT_OPTIMIZATION_LEVEL = "-Onone";
				TARGETED_DEVICE_FAMILY = "1,2";
			};
			name = Debug;
		};
		431DDEA41CA425BA0090DD0C /* Release */ = {
			isa = XCBuildConfiguration;
			buildSettings = {
				ALWAYS_SEARCH_USER_PATHS = NO;
				CLANG_CXX_LANGUAGE_STANDARD = "gnu++0x";
				CLANG_CXX_LIBRARY = "libc++";
				CLANG_ENABLE_MODULES = YES;
				CLANG_ENABLE_OBJC_ARC = YES;
				CLANG_WARN_BOOL_CONVERSION = YES;
				CLANG_WARN_CONSTANT_CONVERSION = YES;
				CLANG_WARN_DIRECT_OBJC_ISA_USAGE = YES_ERROR;
				CLANG_WARN_EMPTY_BODY = YES;
				CLANG_WARN_ENUM_CONVERSION = YES;
				CLANG_WARN_INT_CONVERSION = YES;
				CLANG_WARN_OBJC_ROOT_CLASS = YES_ERROR;
				CLANG_WARN_UNREACHABLE_CODE = YES;
				CLANG_WARN__DUPLICATE_METHOD_MATCH = YES;
				"CODE_SIGN_IDENTITY[sdk=iphoneos*]" = "iPhone Developer";
				COPY_PHASE_STRIP = NO;
				DEBUG_INFORMATION_FORMAT = "dwarf-with-dsym";
				ENABLE_NS_ASSERTIONS = NO;
				ENABLE_STRICT_OBJC_MSGSEND = YES;
				GCC_C_LANGUAGE_STANDARD = gnu99;
				GCC_NO_COMMON_BLOCKS = YES;
				GCC_WARN_64_TO_32_BIT_CONVERSION = YES;
				GCC_WARN_ABOUT_RETURN_TYPE = YES_ERROR;
				GCC_WARN_UNDECLARED_SELECTOR = YES;
				GCC_WARN_UNINITIALIZED_AUTOS = YES_AGGRESSIVE;
				GCC_WARN_UNUSED_FUNCTION = YES;
				GCC_WARN_UNUSED_VARIABLE = YES;
				IPHONEOS_DEPLOYMENT_TARGET = 9.2;
				MTL_ENABLE_DEBUG_INFO = NO;
				SDKROOT = iphoneos;
				TARGETED_DEVICE_FAMILY = "1,2";
				VALIDATE_PRODUCT = YES;
			};
			name = Release;
		};
		431DDEA61CA425BA0090DD0C /* Debug */ = {
			isa = XCBuildConfiguration;
			buildSettings = {
				ASSETCATALOG_COMPILER_APPICON_NAME = AppIcon;
				INFOPLIST_FILE = SmartPack2/Info.plist;
				LD_RUNPATH_SEARCH_PATHS = "$(inherited) @executable_path/Frameworks";
				PRODUCT_BUNDLE_IDENTIFIER = ckourtu.SmartPack2;
				PRODUCT_NAME = "$(TARGET_NAME)";
			};
			name = Debug;
		};
		431DDEA71CA425BA0090DD0C /* Release */ = {
			isa = XCBuildConfiguration;
			buildSettings = {
				ASSETCATALOG_COMPILER_APPICON_NAME = AppIcon;
				INFOPLIST_FILE = SmartPack2/Info.plist;
				LD_RUNPATH_SEARCH_PATHS = "$(inherited) @executable_path/Frameworks";
				PRODUCT_BUNDLE_IDENTIFIER = ckourtu.SmartPack2;
				PRODUCT_NAME = "$(TARGET_NAME)";
			};
			name = Release;
		};
		431DDEA91CA425BA0090DD0C /* Debug */ = {
			isa = XCBuildConfiguration;
			buildSettings = {
				BUNDLE_LOADER = "$(TEST_HOST)";
				INFOPLIST_FILE = SmartPack2Tests/Info.plist;
				LD_RUNPATH_SEARCH_PATHS = "$(inherited) @executable_path/Frameworks @loader_path/Frameworks";
				PRODUCT_BUNDLE_IDENTIFIER = ckourtu.SmartPack2Tests;
				PRODUCT_NAME = "$(TARGET_NAME)";
				TEST_HOST = "$(BUILT_PRODUCTS_DIR)/SmartPack2.app/SmartPack2";
			};
			name = Debug;
		};
		431DDEAA1CA425BA0090DD0C /* Release */ = {
			isa = XCBuildConfiguration;
			buildSettings = {
				BUNDLE_LOADER = "$(TEST_HOST)";
				INFOPLIST_FILE = SmartPack2Tests/Info.plist;
				LD_RUNPATH_SEARCH_PATHS = "$(inherited) @executable_path/Frameworks @loader_path/Frameworks";
				PRODUCT_BUNDLE_IDENTIFIER = ckourtu.SmartPack2Tests;
				PRODUCT_NAME = "$(TARGET_NAME)";
				TEST_HOST = "$(BUILT_PRODUCTS_DIR)/SmartPack2.app/SmartPack2";
			};
			name = Release;
		};
		431DDEAC1CA425BA0090DD0C /* Debug */ = {
			isa = XCBuildConfiguration;
			buildSettings = {
				INFOPLIST_FILE = SmartPack2UITests/Info.plist;
				LD_RUNPATH_SEARCH_PATHS = "$(inherited) @executable_path/Frameworks @loader_path/Frameworks";
				PRODUCT_BUNDLE_IDENTIFIER = ckourtu.SmartPack2UITests;
				PRODUCT_NAME = "$(TARGET_NAME)";
				TEST_TARGET_NAME = SmartPack2;
				USES_XCTRUNNER = YES;
			};
			name = Debug;
		};
		431DDEAD1CA425BA0090DD0C /* Release */ = {
			isa = XCBuildConfiguration;
			buildSettings = {
				INFOPLIST_FILE = SmartPack2UITests/Info.plist;
				LD_RUNPATH_SEARCH_PATHS = "$(inherited) @executable_path/Frameworks @loader_path/Frameworks";
				PRODUCT_BUNDLE_IDENTIFIER = ckourtu.SmartPack2UITests;
				PRODUCT_NAME = "$(TARGET_NAME)";
				TEST_TARGET_NAME = SmartPack2;
				USES_XCTRUNNER = YES;
			};
			name = Release;
		};
/* End XCBuildConfiguration section */

/* Begin XCConfigurationList section */
		431DDE781CA425B90090DD0C /* Build configuration list for PBXProject "SmartPack2" */ = {
			isa = XCConfigurationList;
			buildConfigurations = (
				431DDEA31CA425BA0090DD0C /* Debug */,
				431DDEA41CA425BA0090DD0C /* Release */,
			);
			defaultConfigurationIsVisible = 0;
			defaultConfigurationName = Release;
		};
		431DDEA51CA425BA0090DD0C /* Build configuration list for PBXNativeTarget "SmartPack2" */ = {
			isa = XCConfigurationList;
			buildConfigurations = (
				431DDEA61CA425BA0090DD0C /* Debug */,
				431DDEA71CA425BA0090DD0C /* Release */,
			);
			defaultConfigurationIsVisible = 0;
			defaultConfigurationName = Release;
		};
		431DDEA81CA425BA0090DD0C /* Build configuration list for PBXNativeTarget "SmartPack2Tests" */ = {
			isa = XCConfigurationList;
			buildConfigurations = (
				431DDEA91CA425BA0090DD0C /* Debug */,
				431DDEAA1CA425BA0090DD0C /* Release */,
			);
			defaultConfigurationIsVisible = 0;
			defaultConfigurationName = Release;
		};
		431DDEAB1CA425BA0090DD0C /* Build configuration list for PBXNativeTarget "SmartPack2UITests" */ = {
			isa = XCConfigurationList;
			buildConfigurations = (
				431DDEAC1CA425BA0090DD0C /* Debug */,
				431DDEAD1CA425BA0090DD0C /* Release */,
			);
			defaultConfigurationIsVisible = 0;
			defaultConfigurationName = Release;
		};
/* End XCConfigurationList section */
	};
	rootObject = 431DDE751CA425B90090DD0C /* Project object */;
}
